
Microsoft Visual Studio Solution File, Format Version 12.00
# Visual Studio 15
VisualStudioVersion = 15.0.27703.2047
MinimumVisualStudioVersion = 10.0.40219.1
Project("{FAE04EC0-301F-11D3-BF4B-00C04F79EFBC}") = "TabularApiClient", "TabularApiClient\TabularApiClient.csproj", "{276300BC-DAFD-45A3-89A3-22813EF78871}"
EndProject
Global
	GlobalSection(SolutionConfigurationPlatforms) = preSolution
		Debug|Any CPU = Debug|Any CPU
		Release|Any CPU = Release|Any CPU
	EndGlobalSection
	GlobalSection(ProjectConfigurationPlatforms) = postSolution
		{276300BC-DAFD-45A3-89A3-22813EF78871}.Debug|Any CPU.ActiveCfg = Debug|Any CPU
		{276300BC-DAFD-45A3-89A3-22813EF78871}.Debug|Any CPU.Build.0 = Debug|Any CPU
		{276300BC-DAFD-45A3-89A3-22813EF78871}.Release|Any CPU.ActiveCfg = Release|Any CPU
		{276300BC-DAFD-45A3-89A3-22813EF78871}.Release|Any CPU.Build.0 = Release|Any CPU
	EndGlobalSection
	GlobalSection(SolutionProperties) = preSolution
		HideSolutionNode = FALSE
	EndGlobalSection
	GlobalSection(ExtensibilityGlobals) = postSolution
		SolutionGuid = {36FA0870-36F5-47E3-9A06-2450213251A7}
	EndGlobalSection
EndGlobal
